
Microsoft Visual Studio Solution File, Format Version 12.00
# Visual Studio Version 17
VisualStudioVersion = 17.9.34728.123
MinimumVisualStudioVersion = 10.0.40219.1
Project("{FAE04EC0-301F-11D3-BF4B-00C04F79EFBC}") = "RegexTextReplacer", "RegexTextReplacer.csproj", "{B6AE1482-A786-480E-A3CE-94D1C39A238F}"
EndProject
Global
	GlobalSection(SolutionConfigurationPlatforms) = preSolution
		Debug|Any CPU = Debug|Any CPU
		Release|Any CPU = Release|Any CPU
	EndGlobalSection
	GlobalSection(ProjectConfigurationPlatforms) = postSolution
		{B6AE1482-A786-480E-A3CE-94D1C39A238F}.Debug|Any CPU.ActiveCfg = Debug|Any CPU
		{B6AE1482-A786-480E-A3CE-94D1C39A238F}.Debug|Any CPU.Build.0 = Debug|Any CPU
		{B6AE1482-A786-480E-A3CE-94D1C39A238F}.Release|Any CPU.ActiveCfg = Release|Any CPU
		{B6AE1482-A786-480E-A3CE-94D1C39A238F}.Release|Any CPU.Build.0 = Release|Any CPU
	EndGlobalSection
	GlobalSection(SolutionProperties) = preSolution
		HideSolutionNode = FALSE
	EndGlobalSection
	GlobalSection(ExtensibilityGlobals) = postSolution
		SolutionGuid = {7B0D5A18-FC50-4297-8E25-92A46E0B9D5B}
	EndGlobalSection
EndGlobal
